
Microsoft Visual Studio Solution File, Format Version 12.00
# Visual Studio Version 17
VisualStudioVersion = 17.2.32630.192
MinimumVisualStudioVersion = 10.0.40219.1
Project("{9A19103F-16F7-4668-BE54-9A1E7A4F7556}") = "GroupPhaseAssessment", "GroupPhaseAssessment.csproj", "{E1E57959-6F6A-4469-9129-F8EB835554C5}"
EndProject
Project("{FAE04EC0-301F-11D3-BF4B-00C04F79EFBC}") = "GroupPhaseTests", "..\GroupPhaseTests\GroupPhaseTests.csproj", "{36892898-F463-4303-95FB-F8E2EA0C37F1}"
EndProject
Global
	GlobalSection(SolutionConfigurationPlatforms) = preSolution
		Debug|Any CPU = Debug|Any CPU
		Release|Any CPU = Release|Any CPU
	EndGlobalSection
	GlobalSection(ProjectConfigurationPlatforms) = postSolution
		{E1E57959-6F6A-4469-9129-F8EB835554C5}.Debug|Any CPU.ActiveCfg = Debug|Any CPU
		{E1E57959-6F6A-4469-9129-F8EB835554C5}.Debug|Any CPU.Build.0 = Debug|Any CPU
		{E1E57959-6F6A-4469-9129-F8EB835554C5}.Release|Any CPU.ActiveCfg = Release|Any CPU
		{E1E57959-6F6A-4469-9129-F8EB835554C5}.Release|Any CPU.Build.0 = Release|Any CPU
		{36892898-F463-4303-95FB-F8E2EA0C37F1}.Debug|Any CPU.ActiveCfg = Debug|Any CPU
		{36892898-F463-4303-95FB-F8E2EA0C37F1}.Debug|Any CPU.Build.0 = Debug|Any CPU
		{36892898-F463-4303-95FB-F8E2EA0C37F1}.Release|Any CPU.ActiveCfg = Release|Any CPU
		{36892898-F463-4303-95FB-F8E2EA0C37F1}.Release|Any CPU.Build.0 = Release|Any CPU
	EndGlobalSection
	GlobalSection(SolutionProperties) = preSolution
		HideSolutionNode = FALSE
	EndGlobalSection
	GlobalSection(ExtensibilityGlobals) = postSolution
		SolutionGuid = {9EA28621-9348-449B-8CF0-179C746894C4}
	EndGlobalSection
EndGlobal
